
Microsoft Visual Studio Solution File, Format Version 12.00
# Visual Studio Version 17
VisualStudioVersion = 17.5.002.0
MinimumVisualStudioVersion = 10.0.40219.1
Project("{9A19103F-16F7-4668-BE54-9A1E7A4F7556}") = "BlazorTodo", "BlazorTodo.csproj", "{B8A921D4-9F7E-4E22-ACFF-AFB4EE6B9C5F}"
EndProject
Global
	GlobalSection(SolutionConfigurationPlatforms) = preSolution
		Debug|Any CPU = Debug|Any CPU
		Release|Any CPU = Release|Any CPU
	EndGlobalSection
	GlobalSection(ProjectConfigurationPlatforms) = postSolution
		{B8A921D4-9F7E-4E22-ACFF-AFB4EE6B9C5F}.Debug|Any CPU.ActiveCfg = Debug|Any CPU
		{B8A921D4-9F7E-4E22-ACFF-AFB4EE6B9C5F}.Debug|Any CPU.Build.0 = Debug|Any CPU
		{B8A921D4-9F7E-4E22-ACFF-AFB4EE6B9C5F}.Release|Any CPU.ActiveCfg = Release|Any CPU
		{B8A921D4-9F7E-4E22-ACFF-AFB4EE6B9C5F}.Release|Any CPU.Build.0 = Release|Any CPU
	EndGlobalSection
	GlobalSection(SolutionProperties) = preSolution
		HideSolutionNode = FALSE
	EndGlobalSection
	GlobalSection(ExtensibilityGlobals) = postSolution
		SolutionGuid = {F863CBDE-B047-4231-988F-D362A9878A02}
	EndGlobalSection
EndGlobal
